<?xml version="1.0" encoding="UTF-8" standalone="yes" ?>
<CodeBlocks_project_file>
   <FileVersion major="1" minor="6" />
   <Project>
      <Option title="eurobot2k15" />
      <Option makefile_is_custom="1" />
      <Option compiler="gcc" />
      <Option virtualFolders="CMake Files\;CMake Files\src\;CMake Files\src\core\;CMake Files\src\drivers\;CMake Files\src\executors\;CMake Files\src\messages\;CMake Files\src\tasks\;" />
      <Build>
      <Target title="all">
         <Option working_dir="/home/milan/projects/eurobot2k15/software" />
         <Option type="4" />
         <MakeCommands>
            <Build command="/usr/bin/make -f &quot;/home/milan/projects/eurobot2k15/software/Makefile&quot;  VERBOSE=1 all" />
            <CompileFile command="/usr/bin/make -f &quot;/home/milan/projects/eurobot2k15/software/Makefile&quot;  VERBOSE=1 &quot;$file&quot;" />
            <Clean command="/usr/bin/make -f &quot;/home/milan/projects/eurobot2k15/software/Makefile&quot;  VERBOSE=1 clean" />
            <DistClean command="/usr/bin/make -f &quot;/home/milan/projects/eurobot2k15/software/Makefile&quot;  VERBOSE=1 clean" />
         </MakeCommands>
      </Target>
      <Target title="edit_cache">
         <Option working_dir="/home/milan/projects/eurobot2k15/software" />
         <Option type="4" />
         <MakeCommands>
            <Build command="/usr/bin/make -f &quot;/home/milan/projects/eurobot2k15/software/Makefile&quot;  VERBOSE=1 edit_cache" />
            <CompileFile command="/usr/bin/make -f &quot;/home/milan/projects/eurobot2k15/software/Makefile&quot;  VERBOSE=1 &quot;$file&quot;" />
            <Clean command="/usr/bin/make -f &quot;/home/milan/projects/eurobot2k15/software/Makefile&quot;  VERBOSE=1 clean" />
            <DistClean command="/usr/bin/make -f &quot;/home/milan/projects/eurobot2k15/software/Makefile&quot;  VERBOSE=1 clean" />
         </MakeCommands>
      </Target>
      <Target title="rebuild_cache">
         <Option working_dir="/home/milan/projects/eurobot2k15/software" />
         <Option type="4" />
         <MakeCommands>
            <Build command="/usr/bin/make -f &quot;/home/milan/projects/eurobot2k15/software/Makefile&quot;  VERBOSE=1 rebuild_cache" />
            <CompileFile command="/usr/bin/make -f &quot;/home/milan/projects/eurobot2k15/software/Makefile&quot;  VERBOSE=1 &quot;$file&quot;" />
            <Clean command="/usr/bin/make -f &quot;/home/milan/projects/eurobot2k15/software/Makefile&quot;  VERBOSE=1 clean" />
            <DistClean command="/usr/bin/make -f &quot;/home/milan/projects/eurobot2k15/software/Makefile&quot;  VERBOSE=1 clean" />
         </MakeCommands>
      </Target>
      <Target title="eurobot2k15">
         <Option output="/home/milan/projects/eurobot2k15/software/bin/eurobot2k15" prefix_auto="0" extension_auto="0" />
         <Option working_dir="/home/milan/projects/eurobot2k15/software/bin" />
         <Option object_output="./" />
         <Option type="1" />
         <Option compiler="gcc" />
         <Compiler>
            <Add directory="/home/milan/projects/eurobot2k15/software/libs/boost" />
            <Add directory="/home/milan/projects/eurobot2k15/software/src" />
         </Compiler>
         <MakeCommands>
            <Build command="/usr/bin/make -f &quot;/home/milan/projects/eurobot2k15/software/src/Makefile&quot;  VERBOSE=1 eurobot2k15" />
            <CompileFile command="/usr/bin/make -f &quot;/home/milan/projects/eurobot2k15/software/src/Makefile&quot;  VERBOSE=1 &quot;$file&quot;" />
            <Clean command="/usr/bin/make -f &quot;/home/milan/projects/eurobot2k15/software/src/Makefile&quot;  VERBOSE=1 clean" />
            <DistClean command="/usr/bin/make -f &quot;/home/milan/projects/eurobot2k15/software/src/Makefile&quot;  VERBOSE=1 clean" />
         </MakeCommands>
      </Target>
      <Target title="eurobot2k15/fast">
         <Option output="/home/milan/projects/eurobot2k15/software/bin/eurobot2k15" prefix_auto="0" extension_auto="0" />
         <Option working_dir="/home/milan/projects/eurobot2k15/software/bin" />
         <Option object_output="./" />
         <Option type="1" />
         <Option compiler="gcc" />
         <Compiler>
            <Add directory="/home/milan/projects/eurobot2k15/software/libs/boost" />
            <Add directory="/home/milan/projects/eurobot2k15/software/src" />
         </Compiler>
         <MakeCommands>
            <Build command="/usr/bin/make -f &quot;/home/milan/projects/eurobot2k15/software/src/Makefile&quot;  VERBOSE=1 eurobot2k15/fast" />
            <CompileFile command="/usr/bin/make -f &quot;/home/milan/projects/eurobot2k15/software/src/Makefile&quot;  VERBOSE=1 &quot;$file&quot;" />
            <Clean command="/usr/bin/make -f &quot;/home/milan/projects/eurobot2k15/software/src/Makefile&quot;  VERBOSE=1 clean" />
            <DistClean command="/usr/bin/make -f &quot;/home/milan/projects/eurobot2k15/software/src/Makefile&quot;  VERBOSE=1 clean" />
         </MakeCommands>
      </Target>
      </Build>
      <Unit filename="/home/milan/projects/eurobot2k15/software/src/Robot.cpp">
      </Unit>
      <Unit filename="/home/milan/projects/eurobot2k15/software/src/core/CommandProcessor.cpp">
      </Unit>
      <Unit filename="/home/milan/projects/eurobot2k15/software/src/core/CommandSource.cpp">
      </Unit>
      <Unit filename="/home/milan/projects/eurobot2k15/software/src/core/KeyValueStore.cpp">
      </Unit>
      <Unit filename="/home/milan/projects/eurobot2k15/software/src/core/Node.cpp">
      </Unit>
      <Unit filename="/home/milan/projects/eurobot2k15/software/src/core/NotificationHandler.cpp">
      </Unit>
      <Unit filename="/home/milan/projects/eurobot2k15/software/src/core/TaskManager.cpp">
      </Unit>
      <Unit filename="/home/milan/projects/eurobot2k15/software/src/executors/AbstractExecutor.cpp">
      </Unit>
      <Unit filename="/home/milan/projects/eurobot2k15/software/src/executors/ExampleExecutor.cpp">
      </Unit>
      <Unit filename="/home/milan/projects/eurobot2k15/software/src/messages/Command.cpp">
      </Unit>
      <Unit filename="/home/milan/projects/eurobot2k15/software/src/messages/CommandResponse.cpp">
      </Unit>
      <Unit filename="/home/milan/projects/eurobot2k15/software/src/messages/Message.cpp">
      </Unit>
      <Unit filename="/home/milan/projects/eurobot2k15/software/src/messages/Notification.cpp">
      </Unit>
      <Unit filename="/home/milan/projects/eurobot2k15/software/src/tasks/AbstractTask.cpp">
      </Unit>
      <Unit filename="/home/milan/projects/eurobot2k15/software/src/tasks/TestTask.cpp">
      </Unit>
      <Unit filename="/home/milan/projects/eurobot2k15/software/src/Robot.h">
      </Unit>
      <Unit filename="/home/milan/projects/eurobot2k15/software/src/core/CommandProcessor.h">
      </Unit>
      <Unit filename="/home/milan/projects/eurobot2k15/software/src/core/CommandSource.h">
      </Unit>
      <Unit filename="/home/milan/projects/eurobot2k15/software/src/core/KeyValueStore.h">
      </Unit>
      <Unit filename="/home/milan/projects/eurobot2k15/software/src/core/Node.h">
      </Unit>
      <Unit filename="/home/milan/projects/eurobot2k15/software/src/core/NotificationHandler.h">
      </Unit>
      <Unit filename="/home/milan/projects/eurobot2k15/software/src/core/TaskManager.h">
      </Unit>
      <Unit filename="/home/milan/projects/eurobot2k15/software/src/executors/AbstractExecutor.h">
      </Unit>
      <Unit filename="/home/milan/projects/eurobot2k15/software/src/executors/ExampleExecutor.h">
      </Unit>
      <Unit filename="/home/milan/projects/eurobot2k15/software/src/messages/Command.h">
      </Unit>
      <Unit filename="/home/milan/projects/eurobot2k15/software/src/messages/CommandResponse.h">
      </Unit>
      <Unit filename="/home/milan/projects/eurobot2k15/software/src/messages/Message.h">
      </Unit>
      <Unit filename="/home/milan/projects/eurobot2k15/software/src/messages/Notification.h">
      </Unit>
      <Unit filename="/home/milan/projects/eurobot2k15/software/src/tasks/AbstractTask.h">
      </Unit>
      <Unit filename="/home/milan/projects/eurobot2k15/software/src/tasks/TestTask.h">
      </Unit>
      <Unit filename="/home/milan/projects/eurobot2k15/software/CMakeLists.txt">
          <Option virtualFolder="CMake Files\" />
      </Unit>
      <Unit filename="/home/milan/projects/eurobot2k15/software/src/CMakeLists.txt">
          <Option virtualFolder="CMake Files\src\" />
      </Unit>
      <Unit filename="/home/milan/projects/eurobot2k15/software/src/core/CMakeLists.txt">
          <Option virtualFolder="CMake Files\src\core\" />
      </Unit>
      <Unit filename="/home/milan/projects/eurobot2k15/software/src/drivers/CMakeLists.txt">
          <Option virtualFolder="CMake Files\src\drivers\" />
      </Unit>
      <Unit filename="/home/milan/projects/eurobot2k15/software/src/executors/CMakeLists.txt">
          <Option virtualFolder="CMake Files\src\executors\" />
      </Unit>
      <Unit filename="/home/milan/projects/eurobot2k15/software/src/messages/CMakeLists.txt">
          <Option virtualFolder="CMake Files\src\messages\" />
      </Unit>
      <Unit filename="/home/milan/projects/eurobot2k15/software/src/tasks/CMakeLists.txt">
          <Option virtualFolder="CMake Files\src\tasks\" />
      </Unit>
   </Project>
</CodeBlocks_project_file>
