<?xml version="1.0" encoding="UTF-8" standalone="yes" ?>
<CodeBlocks_project_file>
   <FileVersion major="1" minor="6" />
   <Project>
      <Option title="eurobot2k15" />
      <Option makefile_is_custom="1" />
      <Option compiler="gcc" />
      <Option virtualFolders="CMake Files\;CMake Files\src\;CMake Files\src\core\;CMake Files\src\drivers\;CMake Files\src\executors\;CMake Files\src\executors\msg\;CMake Files\src\messages\;CMake Files\src\tasks\;CMake Files\src\plugins\;" />
      <Build>
      <Target title="all">
         <Option working_dir="/home/milan/projects/eurobot2k15" />
         <Option type="4" />
         <MakeCommands>
            <Build command="/usr/bin/make -f &quot;/home/milan/projects/eurobot2k15/Makefile&quot;  VERBOSE=1 all" />
            <CompileFile command="/usr/bin/make -f &quot;/home/milan/projects/eurobot2k15/Makefile&quot;  VERBOSE=1 &quot;$file&quot;" />
            <Clean command="/usr/bin/make -f &quot;/home/milan/projects/eurobot2k15/Makefile&quot;  VERBOSE=1 clean" />
            <DistClean command="/usr/bin/make -f &quot;/home/milan/projects/eurobot2k15/Makefile&quot;  VERBOSE=1 clean" />
         </MakeCommands>
      </Target>
      <Target title="rebuild_cache">
         <Option working_dir="/home/milan/projects/eurobot2k15" />
         <Option type="4" />
         <MakeCommands>
            <Build command="/usr/bin/make -f &quot;/home/milan/projects/eurobot2k15/Makefile&quot;  VERBOSE=1 rebuild_cache" />
            <CompileFile command="/usr/bin/make -f &quot;/home/milan/projects/eurobot2k15/Makefile&quot;  VERBOSE=1 &quot;$file&quot;" />
            <Clean command="/usr/bin/make -f &quot;/home/milan/projects/eurobot2k15/Makefile&quot;  VERBOSE=1 clean" />
            <DistClean command="/usr/bin/make -f &quot;/home/milan/projects/eurobot2k15/Makefile&quot;  VERBOSE=1 clean" />
         </MakeCommands>
      </Target>
      <Target title="eurobot2k15">
         <Option output="/home/milan/projects/eurobot2k15/bin/eurobot2k15" prefix_auto="0" extension_auto="0" />
         <Option working_dir="/home/milan/projects/eurobot2k15/bin" />
         <Option object_output="./" />
         <Option type="1" />
         <Option compiler="gcc" />
         <Compiler>
            <Add directory="/home/milan/projects/eurobot2k15/libs/boost" />
            <Add directory="/home/milan/projects/eurobot2k15/libs/mongoose-cpp" />
            <Add directory="/home/milan/projects/eurobot2k15/src" />
         </Compiler>
         <MakeCommands>
            <Build command="/usr/bin/make -f &quot;/home/milan/projects/eurobot2k15/src/Makefile&quot;  VERBOSE=1 eurobot2k15" />
            <CompileFile command="/usr/bin/make -f &quot;/home/milan/projects/eurobot2k15/src/Makefile&quot;  VERBOSE=1 &quot;$file&quot;" />
            <Clean command="/usr/bin/make -f &quot;/home/milan/projects/eurobot2k15/src/Makefile&quot;  VERBOSE=1 clean" />
            <DistClean command="/usr/bin/make -f &quot;/home/milan/projects/eurobot2k15/src/Makefile&quot;  VERBOSE=1 clean" />
         </MakeCommands>
      </Target>
      <Target title="eurobot2k15/fast">
         <Option output="/home/milan/projects/eurobot2k15/bin/eurobot2k15" prefix_auto="0" extension_auto="0" />
         <Option working_dir="/home/milan/projects/eurobot2k15/bin" />
         <Option object_output="./" />
         <Option type="1" />
         <Option compiler="gcc" />
         <Compiler>
            <Add directory="/home/milan/projects/eurobot2k15/libs/boost" />
            <Add directory="/home/milan/projects/eurobot2k15/libs/mongoose-cpp" />
            <Add directory="/home/milan/projects/eurobot2k15/src" />
         </Compiler>
         <MakeCommands>
            <Build command="/usr/bin/make -f &quot;/home/milan/projects/eurobot2k15/src/Makefile&quot;  VERBOSE=1 eurobot2k15/fast" />
            <CompileFile command="/usr/bin/make -f &quot;/home/milan/projects/eurobot2k15/src/Makefile&quot;  VERBOSE=1 &quot;$file&quot;" />
            <Clean command="/usr/bin/make -f &quot;/home/milan/projects/eurobot2k15/src/Makefile&quot;  VERBOSE=1 clean" />
            <DistClean command="/usr/bin/make -f &quot;/home/milan/projects/eurobot2k15/src/Makefile&quot;  VERBOSE=1 clean" />
         </MakeCommands>
      </Target>
      <Target title="core">
         <Option output="/home/milan/projects/eurobot2k15/bin/arch/libcore.a" prefix_auto="0" extension_auto="0" />
         <Option working_dir="/home/milan/projects/eurobot2k15/src/core" />
         <Option object_output="./" />
         <Option type="2" />
         <Option compiler="gcc" />
         <Compiler>
            <Add directory="/home/milan/projects/eurobot2k15/libs/boost" />
            <Add directory="/home/milan/projects/eurobot2k15/libs/mongoose-cpp" />
            <Add directory="/home/milan/projects/eurobot2k15/src" />
         </Compiler>
         <MakeCommands>
            <Build command="/usr/bin/make -f &quot;/home/milan/projects/eurobot2k15/src/core/Makefile&quot;  VERBOSE=1 core" />
            <CompileFile command="/usr/bin/make -f &quot;/home/milan/projects/eurobot2k15/src/core/Makefile&quot;  VERBOSE=1 &quot;$file&quot;" />
            <Clean command="/usr/bin/make -f &quot;/home/milan/projects/eurobot2k15/src/core/Makefile&quot;  VERBOSE=1 clean" />
            <DistClean command="/usr/bin/make -f &quot;/home/milan/projects/eurobot2k15/src/core/Makefile&quot;  VERBOSE=1 clean" />
         </MakeCommands>
      </Target>
      <Target title="core/fast">
         <Option output="/home/milan/projects/eurobot2k15/bin/arch/libcore.a" prefix_auto="0" extension_auto="0" />
         <Option working_dir="/home/milan/projects/eurobot2k15/src/core" />
         <Option object_output="./" />
         <Option type="2" />
         <Option compiler="gcc" />
         <Compiler>
            <Add directory="/home/milan/projects/eurobot2k15/libs/boost" />
            <Add directory="/home/milan/projects/eurobot2k15/libs/mongoose-cpp" />
            <Add directory="/home/milan/projects/eurobot2k15/src" />
         </Compiler>
         <MakeCommands>
            <Build command="/usr/bin/make -f &quot;/home/milan/projects/eurobot2k15/src/core/Makefile&quot;  VERBOSE=1 core/fast" />
            <CompileFile command="/usr/bin/make -f &quot;/home/milan/projects/eurobot2k15/src/core/Makefile&quot;  VERBOSE=1 &quot;$file&quot;" />
            <Clean command="/usr/bin/make -f &quot;/home/milan/projects/eurobot2k15/src/core/Makefile&quot;  VERBOSE=1 clean" />
            <DistClean command="/usr/bin/make -f &quot;/home/milan/projects/eurobot2k15/src/core/Makefile&quot;  VERBOSE=1 clean" />
         </MakeCommands>
      </Target>
      <Target title="executors">
         <Option output="/home/milan/projects/eurobot2k15/bin/arch/libexecutors.a" prefix_auto="0" extension_auto="0" />
         <Option working_dir="/home/milan/projects/eurobot2k15/src/executors" />
         <Option object_output="./" />
         <Option type="2" />
         <Option compiler="gcc" />
         <Compiler>
            <Add directory="/home/milan/projects/eurobot2k15/libs/boost" />
            <Add directory="/home/milan/projects/eurobot2k15/libs/mongoose-cpp" />
            <Add directory="/home/milan/projects/eurobot2k15/src" />
         </Compiler>
         <MakeCommands>
            <Build command="/usr/bin/make -f &quot;/home/milan/projects/eurobot2k15/src/executors/Makefile&quot;  VERBOSE=1 executors" />
            <CompileFile command="/usr/bin/make -f &quot;/home/milan/projects/eurobot2k15/src/executors/Makefile&quot;  VERBOSE=1 &quot;$file&quot;" />
            <Clean command="/usr/bin/make -f &quot;/home/milan/projects/eurobot2k15/src/executors/Makefile&quot;  VERBOSE=1 clean" />
            <DistClean command="/usr/bin/make -f &quot;/home/milan/projects/eurobot2k15/src/executors/Makefile&quot;  VERBOSE=1 clean" />
         </MakeCommands>
      </Target>
      <Target title="executors/fast">
         <Option output="/home/milan/projects/eurobot2k15/bin/arch/libexecutors.a" prefix_auto="0" extension_auto="0" />
         <Option working_dir="/home/milan/projects/eurobot2k15/src/executors" />
         <Option object_output="./" />
         <Option type="2" />
         <Option compiler="gcc" />
         <Compiler>
            <Add directory="/home/milan/projects/eurobot2k15/libs/boost" />
            <Add directory="/home/milan/projects/eurobot2k15/libs/mongoose-cpp" />
            <Add directory="/home/milan/projects/eurobot2k15/src" />
         </Compiler>
         <MakeCommands>
            <Build command="/usr/bin/make -f &quot;/home/milan/projects/eurobot2k15/src/executors/Makefile&quot;  VERBOSE=1 executors/fast" />
            <CompileFile command="/usr/bin/make -f &quot;/home/milan/projects/eurobot2k15/src/executors/Makefile&quot;  VERBOSE=1 &quot;$file&quot;" />
            <Clean command="/usr/bin/make -f &quot;/home/milan/projects/eurobot2k15/src/executors/Makefile&quot;  VERBOSE=1 clean" />
            <DistClean command="/usr/bin/make -f &quot;/home/milan/projects/eurobot2k15/src/executors/Makefile&quot;  VERBOSE=1 clean" />
         </MakeCommands>
      </Target>
      <Target title="messages">
         <Option output="/home/milan/projects/eurobot2k15/bin/arch/libmessages.a" prefix_auto="0" extension_auto="0" />
         <Option working_dir="/home/milan/projects/eurobot2k15/src/messages" />
         <Option object_output="./" />
         <Option type="2" />
         <Option compiler="gcc" />
         <Compiler>
            <Add directory="/home/milan/projects/eurobot2k15/libs/boost" />
            <Add directory="/home/milan/projects/eurobot2k15/libs/mongoose-cpp" />
            <Add directory="/home/milan/projects/eurobot2k15/src" />
         </Compiler>
         <MakeCommands>
            <Build command="/usr/bin/make -f &quot;/home/milan/projects/eurobot2k15/src/messages/Makefile&quot;  VERBOSE=1 messages" />
            <CompileFile command="/usr/bin/make -f &quot;/home/milan/projects/eurobot2k15/src/messages/Makefile&quot;  VERBOSE=1 &quot;$file&quot;" />
            <Clean command="/usr/bin/make -f &quot;/home/milan/projects/eurobot2k15/src/messages/Makefile&quot;  VERBOSE=1 clean" />
            <DistClean command="/usr/bin/make -f &quot;/home/milan/projects/eurobot2k15/src/messages/Makefile&quot;  VERBOSE=1 clean" />
         </MakeCommands>
      </Target>
      <Target title="messages/fast">
         <Option output="/home/milan/projects/eurobot2k15/bin/arch/libmessages.a" prefix_auto="0" extension_auto="0" />
         <Option working_dir="/home/milan/projects/eurobot2k15/src/messages" />
         <Option object_output="./" />
         <Option type="2" />
         <Option compiler="gcc" />
         <Compiler>
            <Add directory="/home/milan/projects/eurobot2k15/libs/boost" />
            <Add directory="/home/milan/projects/eurobot2k15/libs/mongoose-cpp" />
            <Add directory="/home/milan/projects/eurobot2k15/src" />
         </Compiler>
         <MakeCommands>
            <Build command="/usr/bin/make -f &quot;/home/milan/projects/eurobot2k15/src/messages/Makefile&quot;  VERBOSE=1 messages/fast" />
            <CompileFile command="/usr/bin/make -f &quot;/home/milan/projects/eurobot2k15/src/messages/Makefile&quot;  VERBOSE=1 &quot;$file&quot;" />
            <Clean command="/usr/bin/make -f &quot;/home/milan/projects/eurobot2k15/src/messages/Makefile&quot;  VERBOSE=1 clean" />
            <DistClean command="/usr/bin/make -f &quot;/home/milan/projects/eurobot2k15/src/messages/Makefile&quot;  VERBOSE=1 clean" />
         </MakeCommands>
      </Target>
      <Target title="tasks">
         <Option output="/home/milan/projects/eurobot2k15/bin/arch/libtasks.a" prefix_auto="0" extension_auto="0" />
         <Option working_dir="/home/milan/projects/eurobot2k15/src/tasks" />
         <Option object_output="./" />
         <Option type="2" />
         <Option compiler="gcc" />
         <Compiler>
            <Add directory="/home/milan/projects/eurobot2k15/libs/boost" />
            <Add directory="/home/milan/projects/eurobot2k15/libs/mongoose-cpp" />
            <Add directory="/home/milan/projects/eurobot2k15/src" />
         </Compiler>
         <MakeCommands>
            <Build command="/usr/bin/make -f &quot;/home/milan/projects/eurobot2k15/src/tasks/Makefile&quot;  VERBOSE=1 tasks" />
            <CompileFile command="/usr/bin/make -f &quot;/home/milan/projects/eurobot2k15/src/tasks/Makefile&quot;  VERBOSE=1 &quot;$file&quot;" />
            <Clean command="/usr/bin/make -f &quot;/home/milan/projects/eurobot2k15/src/tasks/Makefile&quot;  VERBOSE=1 clean" />
            <DistClean command="/usr/bin/make -f &quot;/home/milan/projects/eurobot2k15/src/tasks/Makefile&quot;  VERBOSE=1 clean" />
         </MakeCommands>
      </Target>
      <Target title="tasks/fast">
         <Option output="/home/milan/projects/eurobot2k15/bin/arch/libtasks.a" prefix_auto="0" extension_auto="0" />
         <Option working_dir="/home/milan/projects/eurobot2k15/src/tasks" />
         <Option object_output="./" />
         <Option type="2" />
         <Option compiler="gcc" />
         <Compiler>
            <Add directory="/home/milan/projects/eurobot2k15/libs/boost" />
            <Add directory="/home/milan/projects/eurobot2k15/libs/mongoose-cpp" />
            <Add directory="/home/milan/projects/eurobot2k15/src" />
         </Compiler>
         <MakeCommands>
            <Build command="/usr/bin/make -f &quot;/home/milan/projects/eurobot2k15/src/tasks/Makefile&quot;  VERBOSE=1 tasks/fast" />
            <CompileFile command="/usr/bin/make -f &quot;/home/milan/projects/eurobot2k15/src/tasks/Makefile&quot;  VERBOSE=1 &quot;$file&quot;" />
            <Clean command="/usr/bin/make -f &quot;/home/milan/projects/eurobot2k15/src/tasks/Makefile&quot;  VERBOSE=1 clean" />
            <DistClean command="/usr/bin/make -f &quot;/home/milan/projects/eurobot2k15/src/tasks/Makefile&quot;  VERBOSE=1 clean" />
         </MakeCommands>
      </Target>
      <Target title="plugins">
         <Option output="/home/milan/projects/eurobot2k15/bin/arch/libplugins.a" prefix_auto="0" extension_auto="0" />
         <Option working_dir="/home/milan/projects/eurobot2k15/src/plugins" />
         <Option object_output="./" />
         <Option type="2" />
         <Option compiler="gcc" />
         <Compiler>
            <Add directory="/home/milan/projects/eurobot2k15/libs/boost" />
            <Add directory="/home/milan/projects/eurobot2k15/libs/mongoose-cpp" />
            <Add directory="/home/milan/projects/eurobot2k15/src" />
         </Compiler>
         <MakeCommands>
            <Build command="/usr/bin/make -f &quot;/home/milan/projects/eurobot2k15/src/plugins/Makefile&quot;  VERBOSE=1 plugins" />
            <CompileFile command="/usr/bin/make -f &quot;/home/milan/projects/eurobot2k15/src/plugins/Makefile&quot;  VERBOSE=1 &quot;$file&quot;" />
            <Clean command="/usr/bin/make -f &quot;/home/milan/projects/eurobot2k15/src/plugins/Makefile&quot;  VERBOSE=1 clean" />
            <DistClean command="/usr/bin/make -f &quot;/home/milan/projects/eurobot2k15/src/plugins/Makefile&quot;  VERBOSE=1 clean" />
         </MakeCommands>
      </Target>
      <Target title="plugins/fast">
         <Option output="/home/milan/projects/eurobot2k15/bin/arch/libplugins.a" prefix_auto="0" extension_auto="0" />
         <Option working_dir="/home/milan/projects/eurobot2k15/src/plugins" />
         <Option object_output="./" />
         <Option type="2" />
         <Option compiler="gcc" />
         <Compiler>
            <Add directory="/home/milan/projects/eurobot2k15/libs/boost" />
            <Add directory="/home/milan/projects/eurobot2k15/libs/mongoose-cpp" />
            <Add directory="/home/milan/projects/eurobot2k15/src" />
         </Compiler>
         <MakeCommands>
            <Build command="/usr/bin/make -f &quot;/home/milan/projects/eurobot2k15/src/plugins/Makefile&quot;  VERBOSE=1 plugins/fast" />
            <CompileFile command="/usr/bin/make -f &quot;/home/milan/projects/eurobot2k15/src/plugins/Makefile&quot;  VERBOSE=1 &quot;$file&quot;" />
            <Clean command="/usr/bin/make -f &quot;/home/milan/projects/eurobot2k15/src/plugins/Makefile&quot;  VERBOSE=1 clean" />
            <DistClean command="/usr/bin/make -f &quot;/home/milan/projects/eurobot2k15/src/plugins/Makefile&quot;  VERBOSE=1 clean" />
         </MakeCommands>
      </Target>
      </Build>
      <Unit filename="/home/milan/projects/eurobot2k15/src/Robot.cpp">
      </Unit>
      <Unit filename="/home/milan/projects/eurobot2k15/src/core/AbstractMessageHandler.cpp">
      </Unit>
      <Unit filename="/home/milan/projects/eurobot2k15/src/core/CommandProcessor.cpp">
      </Unit>
      <Unit filename="/home/milan/projects/eurobot2k15/src/core/CommandSource.cpp">
      </Unit>
      <Unit filename="/home/milan/projects/eurobot2k15/src/core/ExecutorManager.cpp">
      </Unit>
      <Unit filename="/home/milan/projects/eurobot2k15/src/core/KeyValueStore.cpp">
      </Unit>
      <Unit filename="/home/milan/projects/eurobot2k15/src/core/Logger.cpp">
      </Unit>
      <Unit filename="/home/milan/projects/eurobot2k15/src/core/Node.cpp">
      </Unit>
      <Unit filename="/home/milan/projects/eurobot2k15/src/core/NotificationHandler.cpp">
      </Unit>
      <Unit filename="/home/milan/projects/eurobot2k15/src/core/NotificationSource.cpp">
      </Unit>
      <Unit filename="/home/milan/projects/eurobot2k15/src/core/TaskManager.cpp">
      </Unit>
      <Unit filename="/home/milan/projects/eurobot2k15/src/executors/AbstractExecutor.cpp">
      </Unit>
      <Unit filename="/home/milan/projects/eurobot2k15/src/executors/ExampleExecutor.cpp">
      </Unit>
      <Unit filename="/home/milan/projects/eurobot2k15/src/executors/msg/CountdownCommand.cpp">
      </Unit>
      <Unit filename="/home/milan/projects/eurobot2k15/src/executors/msg/TimePassed.cpp">
      </Unit>
      <Unit filename="/home/milan/projects/eurobot2k15/src/messages/Command.cpp">
      </Unit>
      <Unit filename="/home/milan/projects/eurobot2k15/src/messages/CommandResponse.cpp">
      </Unit>
      <Unit filename="/home/milan/projects/eurobot2k15/src/messages/Message.cpp">
      </Unit>
      <Unit filename="/home/milan/projects/eurobot2k15/src/messages/Notification.cpp">
      </Unit>
      <Unit filename="/home/milan/projects/eurobot2k15/src/plugins/WebServer.cpp">
      </Unit>
      <Unit filename="/home/milan/projects/eurobot2k15/src/tasks/AbstractTask.cpp">
      </Unit>
      <Unit filename="/home/milan/projects/eurobot2k15/src/tasks/TestTask.cpp">
      </Unit>
      <Unit filename="/home/milan/projects/eurobot2k15/src/Robot.h">
      </Unit>
      <Unit filename="/home/milan/projects/eurobot2k15/src/core/AbstractMessageHandler.h">
      </Unit>
      <Unit filename="/home/milan/projects/eurobot2k15/src/core/CommandProcessor.h">
      </Unit>
      <Unit filename="/home/milan/projects/eurobot2k15/src/core/CommandSource.h">
      </Unit>
      <Unit filename="/home/milan/projects/eurobot2k15/src/core/ExecutorManager.h">
      </Unit>
      <Unit filename="/home/milan/projects/eurobot2k15/src/core/KeyValueStore.h">
      </Unit>
      <Unit filename="/home/milan/projects/eurobot2k15/src/core/Logger.h">
      </Unit>
      <Unit filename="/home/milan/projects/eurobot2k15/src/core/Node.h">
      </Unit>
      <Unit filename="/home/milan/projects/eurobot2k15/src/core/NotificationHandler.h">
      </Unit>
      <Unit filename="/home/milan/projects/eurobot2k15/src/core/NotificationSource.h">
      </Unit>
      <Unit filename="/home/milan/projects/eurobot2k15/src/core/TaskManager.h">
      </Unit>
      <Unit filename="/home/milan/projects/eurobot2k15/src/executors/AbstractExecutor.h">
      </Unit>
      <Unit filename="/home/milan/projects/eurobot2k15/src/executors/ExampleExecutor.h">
      </Unit>
      <Unit filename="/home/milan/projects/eurobot2k15/src/executors/msg/CountdownCommand.h">
      </Unit>
      <Unit filename="/home/milan/projects/eurobot2k15/src/executors/msg/TimePassed.h">
      </Unit>
      <Unit filename="/home/milan/projects/eurobot2k15/src/messages/Command.h">
      </Unit>
      <Unit filename="/home/milan/projects/eurobot2k15/src/messages/CommandResponse.h">
      </Unit>
      <Unit filename="/home/milan/projects/eurobot2k15/src/messages/Message.h">
      </Unit>
      <Unit filename="/home/milan/projects/eurobot2k15/src/messages/Notification.h">
      </Unit>
      <Unit filename="/home/milan/projects/eurobot2k15/src/plugins/WebServer.h">
      </Unit>
      <Unit filename="/home/milan/projects/eurobot2k15/src/tasks/AbstractTask.h">
      </Unit>
      <Unit filename="/home/milan/projects/eurobot2k15/src/tasks/TestTask.h">
      </Unit>
      <Unit filename="/home/milan/projects/eurobot2k15/CMakeLists.txt">
          <Option virtualFolder="CMake Files\" />
      </Unit>
      <Unit filename="/home/milan/projects/eurobot2k15/src/CMakeLists.txt">
          <Option virtualFolder="CMake Files\src\" />
      </Unit>
      <Unit filename="/home/milan/projects/eurobot2k15/src/core/CMakeLists.txt">
          <Option virtualFolder="CMake Files\src\core\" />
      </Unit>
      <Unit filename="/home/milan/projects/eurobot2k15/src/drivers/CMakeLists.txt">
          <Option virtualFolder="CMake Files\src\drivers\" />
      </Unit>
      <Unit filename="/home/milan/projects/eurobot2k15/src/executors/CMakeLists.txt">
          <Option virtualFolder="CMake Files\src\executors\" />
      </Unit>
      <Unit filename="/home/milan/projects/eurobot2k15/src/executors/msg/CMakeLists.txt">
          <Option virtualFolder="CMake Files\src\executors\msg\" />
      </Unit>
      <Unit filename="/home/milan/projects/eurobot2k15/src/messages/CMakeLists.txt">
          <Option virtualFolder="CMake Files\src\messages\" />
      </Unit>
      <Unit filename="/home/milan/projects/eurobot2k15/src/tasks/CMakeLists.txt">
          <Option virtualFolder="CMake Files\src\tasks\" />
      </Unit>
      <Unit filename="/home/milan/projects/eurobot2k15/src/plugins/CMakeLists.txt">
          <Option virtualFolder="CMake Files\src\plugins\" />
      </Unit>
   </Project>
</CodeBlocks_project_file>
